{
  "name": "loadTodos",
  "version": "2.0.0",
  "lockfileVersion": 1,
  "requires": true,
  "dependencies": {
    "chance": {
      "version": "1.1.5",
      "resolved": "https://registry.npmjs.org/chance/-/chance-1.1.5.tgz",
      "integrity": "sha512-uBVETzUktMGLALWQ8fCJCOjNF4Gm1lRjjjuC2+z7rCjx78ioONIK7bYhGzBovhQyqOegJEl3nAJxjE7mvY6aIw=="
    }
  }
}
